
Microsoft Visual Studio Solution File, Format Version 12.00
# Visual Studio Version 16
VisualStudioVersion = 16.0.31005.135
MinimumVisualStudioVersion = 10.0.40219.1
Project("{FAE04EC0-301F-11D3-BF4B-00C04F79EFBC}") = "Videogames.Admin", "Videogames.Admin\Videogames.Admin.csproj", "{091843E3-A8AF-4A8B-98D8-3EC4FF9077AC}"
EndProject
Project("{FAE04EC0-301F-11D3-BF4B-00C04F79EFBC}") = "Videogames.DataLayer", "Videogames.DataLayer\Videogames.DataLayer.csproj", "{B856BDCD-2E2A-4CD6-9DA5-8180911542C8}"
EndProject
Global
	GlobalSection(SolutionConfigurationPlatforms) = preSolution
		Debug|Any CPU = Debug|Any CPU
		Release|Any CPU = Release|Any CPU
	EndGlobalSection
	GlobalSection(ProjectConfigurationPlatforms) = postSolution
		{091843E3-A8AF-4A8B-98D8-3EC4FF9077AC}.Debug|Any CPU.ActiveCfg = Debug|Any CPU
		{091843E3-A8AF-4A8B-98D8-3EC4FF9077AC}.Debug|Any CPU.Build.0 = Debug|Any CPU
		{091843E3-A8AF-4A8B-98D8-3EC4FF9077AC}.Release|Any CPU.ActiveCfg = Release|Any CPU
		{091843E3-A8AF-4A8B-98D8-3EC4FF9077AC}.Release|Any CPU.Build.0 = Release|Any CPU
		{B856BDCD-2E2A-4CD6-9DA5-8180911542C8}.Debug|Any CPU.ActiveCfg = Debug|Any CPU
		{B856BDCD-2E2A-4CD6-9DA5-8180911542C8}.Debug|Any CPU.Build.0 = Debug|Any CPU
		{B856BDCD-2E2A-4CD6-9DA5-8180911542C8}.Release|Any CPU.ActiveCfg = Release|Any CPU
		{B856BDCD-2E2A-4CD6-9DA5-8180911542C8}.Release|Any CPU.Build.0 = Release|Any CPU
	EndGlobalSection
	GlobalSection(SolutionProperties) = preSolution
		HideSolutionNode = FALSE
	EndGlobalSection
	GlobalSection(ExtensibilityGlobals) = postSolution
		SolutionGuid = {7E1FFE77-F6D6-4347-BBAA-C654C397EC88}
	EndGlobalSection
EndGlobal
